{
    "_readme": [
        "This file locks the dependencies of your project to a known state",
        "Read more about it at https://getcomposer.org/doc/01-basic-usage.md#installing-dependencies",
        "This file is @generated automatically"
    ],
    "content-hash": "08a65415d82f3b77214f1e025d0690a6",
    "packages": [
        {
            "name": "stellarwp/container-contract",
            "version": "1.0.4",
            "source": {
                "type": "git",
                "url": "https://github.com/stellarwp/container-contract.git",
                "reference": "37becc9edbecb0ff95556048337600dd9cc888f0"
            },
            "dist": {
                "type": "zip",
                "url": "https://api.github.com/repos/stellarwp/container-contract/zipball/37becc9edbecb0ff95556048337600dd9cc888f0",
                "reference": "37becc9edbecb0ff95556048337600dd9cc888f0",
                "shasum": ""
            },
            "require": {
                "php": ">=7.0.0"
            },
            "type": "library",
            "autoload": {
                "psr-4": {
                    "StellarWP\\ContainerContract\\": "src/"
                }
            },
            "notification-url": "https://packagist.org/downloads/",
            "license": [
                "GPL-2.0-or-later"
            ],
            "authors": [
                {
                    "name": "StellarWP",
                    "homepage": "https://stellarwp.com"
                }
            ],
            "description": "StellarWP Container Interface",
            "homepage": "https://github.com/stellarwp/container-contract",
            "keywords": [
                "PSR-11",
                "container",
                "container-interface",
                "container-interop"
            ],
            "support": {
                "issues": "https://github.com/stellarwp/container-contract/issues",
                "source": "https://github.com/stellarwp/container-contract/tree/1.0.4"
            },
            "time": "2022-12-20T21:29:17+00:00"
        }
    ],
    "packages-dev": [],
    "aliases": [],
    "minimum-stability": "stable",
    "stability-flags": [],
    "prefer-stable": false,
    "prefer-lowest": false,
    "platform": [],
    "platform-dev": [],
    "plugin-api-version": "2.0.0"
}
